
Microsoft Visual Studio Solution File, Format Version 12.00
# Visual Studio Version 17
VisualStudioVersion = 17.4.33122.133
MinimumVisualStudioVersion = 10.0.40219.1
Project("{9A19103F-16F7-4668-BE54-9A1E7A4F7556}") = "MagicVilla_VillaAPI", "MagicVilla_VillaAPI\MagicVilla_VillaAPI.csproj", "{2544B691-FDF7-479D-91C4-5D1CD310F0E4}"
EndProject
Project("{FAE04EC0-301F-11D3-BF4B-00C04F79EFBC}") = "MagicVilla_Web", "MagicVilla_Web\MagicVilla_Web.csproj", "{62BE9C91-7B6A-4125-B040-1543BC76B787}"
EndProject
Project("{FAE04EC0-301F-11D3-BF4B-00C04F79EFBC}") = "MagicVilla_Utility", "MagicVilla_Utility\MagicVilla_Utility.csproj", "{BF6FE370-F28C-4879-A4D2-4F876EBA8864}"
EndProject
Global
	GlobalSection(SolutionConfigurationPlatforms) = preSolution
		Debug|Any CPU = Debug|Any CPU
		Release|Any CPU = Release|Any CPU
	EndGlobalSection
	GlobalSection(ProjectConfigurationPlatforms) = postSolution
		{2544B691-FDF7-479D-91C4-5D1CD310F0E4}.Debug|Any CPU.ActiveCfg = Debug|Any CPU
		{2544B691-FDF7-479D-91C4-5D1CD310F0E4}.Debug|Any CPU.Build.0 = Debug|Any CPU
		{2544B691-FDF7-479D-91C4-5D1CD310F0E4}.Release|Any CPU.ActiveCfg = Release|Any CPU
		{2544B691-FDF7-479D-91C4-5D1CD310F0E4}.Release|Any CPU.Build.0 = Release|Any CPU
		{62BE9C91-7B6A-4125-B040-1543BC76B787}.Debug|Any CPU.ActiveCfg = Debug|Any CPU
		{62BE9C91-7B6A-4125-B040-1543BC76B787}.Debug|Any CPU.Build.0 = Debug|Any CPU
		{62BE9C91-7B6A-4125-B040-1543BC76B787}.Release|Any CPU.ActiveCfg = Release|Any CPU
		{62BE9C91-7B6A-4125-B040-1543BC76B787}.Release|Any CPU.Build.0 = Release|Any CPU
		{BF6FE370-F28C-4879-A4D2-4F876EBA8864}.Debug|Any CPU.ActiveCfg = Debug|Any CPU
		{BF6FE370-F28C-4879-A4D2-4F876EBA8864}.Debug|Any CPU.Build.0 = Debug|Any CPU
		{BF6FE370-F28C-4879-A4D2-4F876EBA8864}.Release|Any CPU.ActiveCfg = Release|Any CPU
		{BF6FE370-F28C-4879-A4D2-4F876EBA8864}.Release|Any CPU.Build.0 = Release|Any CPU
	EndGlobalSection
	GlobalSection(SolutionProperties) = preSolution
		HideSolutionNode = FALSE
	EndGlobalSection
	GlobalSection(ExtensibilityGlobals) = postSolution
		SolutionGuid = {E7EDC1A7-2916-4816-AA3F-880400DD9FB7}
	EndGlobalSection
EndGlobal
